# This file is automatically @generated by Cargo.
# It is not intended for manual editing.
[[package]]
name = "viper"
version = "0.0.1"
dependencies = [
 "viper-codegen 0.0.1",
 "viper-lexer 0.0.1",
 "viper-parser 0.0.1",
]

[[package]]
name = "viper-codegen"
version = "0.0.1"

[[package]]
name = "viper-lexer"
version = "0.0.1"

[[package]]
name = "viper-parser"
version = "0.0.1"

